Microsoft Visual Studio Solution File, Format Version 11.00
# Visual Studio 2008

Project("{9F2285E3-169D-6CDA-FA3E-CB2DD21A5F44}") = "Old but Gold", "Assembly-CSharp.csproj", "{BA8419FE-1486-7B45-32AE-1DC591BF6063}"
EndProject
Global
	GlobalSection(SolutionConfigurationPlatforms) = preSolution
		Debug|Any CPU = Debug|Any CPU
		Release|Any CPU = Release|Any CPU
	EndGlobalSection
	GlobalSection(ProjectConfigurationPlatforms) = postSolution
		{BA8419FE-1486-7B45-32AE-1DC591BF6063}.Debug|Any CPU.ActiveCfg = Debug|Any CPU
		{BA8419FE-1486-7B45-32AE-1DC591BF6063}.Debug|Any CPU.Build.0 = Debug|Any CPU
		{BA8419FE-1486-7B45-32AE-1DC591BF6063}.Release|Any CPU.ActiveCfg = Release|Any CPU
		{BA8419FE-1486-7B45-32AE-1DC591BF6063}.Release|Any CPU.Build.0 = Release|Any CPU
	EndGlobalSection
	GlobalSection(SolutionProperties) = preSolution
		HideSolutionNode = FALSE
	EndGlobalSection
	GlobalSection(MonoDevelopProperties) = preSolution
		StartupItem = Assembly-CSharp.csproj
	EndGlobalSection
EndGlobal
